<?xml version="1.0" encoding="utf-8"?>
<Project ToolsVersion="4.0" xmlns="http://schemas.microsoft.com/developer/msbuild/2003">
  <ItemGroup>
    <Filter Include="ソース ファイル">
      <UniqueIdentifier>{4FC737F1-C7A5-4376-A066-2A32D752A2FF}</UniqueIdentifier>
      <Extensions>cpp;c;cc;cxx;def;odl;idl;hpj;bat;asm;asmx</Extensions>
    </Filter>
    <Filter Include="ヘッダー ファイル">
      <UniqueIdentifier>{93995380-89BD-4b04-88EB-625FBE52EBFB}</UniqueIdentifier>
      <Extensions>h;hh;hpp;hxx;hm;inl;inc;ipp;xsd</Extensions>
    </Filter>
    <Filter Include="リソース ファイル">
      <UniqueIdentifier>{67DA6AB6-F800-4c08-8B7A-83BB121AAD01}</UniqueIdentifier>
      <Extensions>rc;ico;cur;bmp;dlg;rc2;rct;bin;rgs;gif;jpg;jpeg;jpe;resx;tiff;tif;png;wav;mfcribbon-ms</Extensions>
    </Filter>
    <Filter Include="Window">
      <UniqueIdentifier>{638a96bc-3ed1-4b34-9df1-6124c1fb1dcb}</UniqueIdentifier>
    </Filter>
    <Filter Include="Scene">
      <UniqueIdentifier>{a77cd008-d295-4e97-9408-1700b0e45c5d}</UniqueIdentifier>
    </Filter>
    <Filter Include="Sprite">
      <UniqueIdentifier>{ec9226f4-7cf5-433f-b814-ac3927a807a8}</UniqueIdentifier>
    </Filter>
    <Filter Include="Texture">
      <UniqueIdentifier>{787c5967-2dbb-46ae-bee0-5c9d5d9ed305}</UniqueIdentifier>
    </Filter>
    <Filter Include="Graphics">
      <UniqueIdentifier>{33f0da67-191b-42c4-9bef-654bb2de37dd}</UniqueIdentifier>
    </Filter>
    <Filter Include="Input">
      <UniqueIdentifier>{be9685cb-0b8f-48e9-99e5-93ec930e9ec4}</UniqueIdentifier>
    </Filter>
    <Filter Include="Console">
      <UniqueIdentifier>{6d14e8f9-bb6b-474b-98b1-939d384b8973}</UniqueIdentifier>
    </Filter>
    <Filter Include="Test">
      <UniqueIdentifier>{241e822c-3352-49f2-88b6-35776e88bbda}</UniqueIdentifier>
    </Filter>
    <Filter Include="App">
      <UniqueIdentifier>{af8f7cd9-fe6d-42e4-a58e-55a35cbd7e25}</UniqueIdentifier>
    </Filter>
    <Filter Include="Vertex">
      <UniqueIdentifier>{9425cc78-8fce-40f1-92a0-d05bd73bb091}</UniqueIdentifier>
    </Filter>
    <Filter Include="Rect">
      <UniqueIdentifier>{c90667b4-ed17-4226-a0fa-550635465242}</UniqueIdentifier>
    </Filter>
    <Filter Include="Color">
      <UniqueIdentifier>{71977071-f97e-4d55-82d9-86e1f46fdb26}</UniqueIdentifier>
    </Filter>
    <Filter Include="Common">
      <UniqueIdentifier>{dc12f0c6-92b9-4177-ba7a-bcc112503f75}</UniqueIdentifier>
    </Filter>
    <Filter Include="Collider">
      <UniqueIdentifier>{f9ca5a98-6cf5-41d0-a5df-8855062834d6}</UniqueIdentifier>
    </Filter>
    <Filter Include="Render">
      <UniqueIdentifier>{94249fff-e1a6-491d-838e-f828bee4b938}</UniqueIdentifier>
    </Filter>
    <Filter Include="StringRender">
      <UniqueIdentifier>{79ec5268-4a4c-4511-9cd0-c0c5a49e98f8}</UniqueIdentifier>
    </Filter>
    <Filter Include="CIrcle">
      <UniqueIdentifier>{c7e45028-4272-43a4-9860-0f18f005f02a}</UniqueIdentifier>
    </Filter>
    <Filter Include="Line">
      <UniqueIdentifier>{6dd3f49f-6e13-4c6c-ae91-4b1ea31bee9a}</UniqueIdentifier>
    </Filter>
    <Filter Include="Point">
      <UniqueIdentifier>{5c2e5275-fb2b-4916-b500-6a3f088d3e98}</UniqueIdentifier>
    </Filter>
  </ItemGroup>
  <ItemGroup>
    <ClInclude Include="GameLib.h">
      <Filter>ヘッダー ファイル</Filter>
    </ClInclude>
    <ClInclude Include="include\App.h">
      <Filter>App</Filter>
    </ClInclude>
    <ClInclude Include="include\Window\Window.h">
      <Filter>Window</Filter>
    </ClInclude>
    <ClInclude Include="include\Texture\Texture.h">
      <Filter>Texture</Filter>
    </ClInclude>
    <ClInclude Include="include\Collider\BaseCollider.h">
      <Filter>Collider</Filter>
    </ClInclude>
    <ClInclude Include="include\Collider\BoxCollider.h">
      <Filter>Collider</Filter>
    </ClInclude>
    <ClInclude Include="include\Collider\ColliderManager.h">
      <Filter>Collider</Filter>
    </ClInclude>
    <ClInclude Include="include\Color\Color.h">
      <Filter>Color</Filter>
    </ClInclude>
    <ClInclude Include="include\Console\Console.h">
      <Filter>Console</Filter>
    </ClInclude>
    <ClInclude Include="include\Input\Input.h">
      <Filter>Input</Filter>
    </ClInclude>
    <ClInclude Include="include\Input\KeyInput.h">
      <Filter>Input</Filter>
    </ClInclude>
    <ClInclude Include="include\Input\MouseInput.h">
      <Filter>Input</Filter>
    </ClInclude>
    <ClInclude Include="include\Rect\Rect.h">
      <Filter>Rect</Filter>
    </ClInclude>
    <ClInclude Include="include\Render\Render.h">
      <Filter>Render</Filter>
    </ClInclude>
    <ClInclude Include="include\Sprite\Sprite.h">
      <Filter>Sprite</Filter>
    </ClInclude>
    <ClInclude Include="include\StringRender\StringRender.h">
      <Filter>StringRender</Filter>
    </ClInclude>
    <ClInclude Include="include\Graphics\Graphics.h">
      <Filter>Graphics</Filter>
    </ClInclude>
    <ClInclude Include="include\Common\Math.h">
      <Filter>Common</Filter>
    </ClInclude>
    <ClInclude Include="include\Circle\Circle.h">
      <Filter>CIrcle</Filter>
    </ClInclude>
    <ClInclude Include="include\Line\Line.h">
      <Filter>Line</Filter>
    </ClInclude>
    <ClInclude Include="include\Point\Point.h">
      <Filter>Point</Filter>
    </ClInclude>
  </ItemGroup>
  <ItemGroup>
    <ClCompile Include="src\App.cpp">
      <Filter>App</Filter>
    </ClCompile>
    <ClCompile Include="src\Window\Window.cpp">
      <Filter>Window</Filter>
    </ClCompile>
    <ClCompile Include="src\Texture\Texture.cpp">
      <Filter>Texture</Filter>
    </ClCompile>
    <ClCompile Include="src\StringRender\StringRender.cpp">
      <Filter>StringRender</Filter>
    </ClCompile>
    <ClCompile Include="src\Sprite\Sprite.cpp">
      <Filter>Sprite</Filter>
    </ClCompile>
    <ClCompile Include="src\Render\Render.cpp">
      <Filter>Render</Filter>
    </ClCompile>
    <ClCompile Include="src\Rect\Rect.cpp">
      <Filter>Rect</Filter>
    </ClCompile>
    <ClCompile Include="src\Input\KeyInput.cpp">
      <Filter>Input</Filter>
    </ClCompile>
    <ClCompile Include="src\Input\MouseInput.cpp">
      <Filter>Input</Filter>
    </ClCompile>
    <ClCompile Include="src\Graphics\Graphics.cpp">
      <Filter>Graphics</Filter>
    </ClCompile>
    <ClCompile Include="src\Console\Console.cpp">
      <Filter>Console</Filter>
    </ClCompile>
    <ClCompile Include="src\Color\Color.cpp">
      <Filter>Color</Filter>
    </ClCompile>
    <ClCompile Include="src\Collider\BaseCollider.cpp">
      <Filter>Collider</Filter>
    </ClCompile>
    <ClCompile Include="src\Collider\BoxCollider.cpp">
      <Filter>Collider</Filter>
    </ClCompile>
    <ClCompile Include="Test.cpp">
      <Filter>Test</Filter>
    </ClCompile>
    <ClCompile Include="src\Input\Input.cpp">
      <Filter>Input</Filter>
    </ClCompile>
    <ClCompile Include="src\Circle\Circle.cpp">
      <Filter>CIrcle</Filter>
    </ClCompile>
    <ClCompile Include="include\Line\Line.cpp">
      <Filter>ソース ファイル</Filter>
    </ClCompile>
    <ClCompile Include="include\Point\Point.cpp">
      <Filter>ソース ファイル</Filter>
    </ClCompile>
  </ItemGroup>
</Project>