<?xml version="1.0" encoding="utf-8"?>
<Project ToolsVersion="4.0" xmlns="http://schemas.microsoft.com/developer/msbuild/2003">
  <ItemGroup>
    <Filter Include="ソース ファイル">
      <UniqueIdentifier>{4FC737F1-C7A5-4376-A066-2A32D752A2FF}</UniqueIdentifier>
      <Extensions>cpp;c;cc;cxx;def;odl;idl;hpj;bat;asm;asmx</Extensions>
    </Filter>
    <Filter Include="ヘッダー ファイル">
      <UniqueIdentifier>{93995380-89BD-4b04-88EB-625FBE52EBFB}</UniqueIdentifier>
      <Extensions>h;hh;hpp;hxx;hm;inl;inc;ipp;xsd</Extensions>
    </Filter>
    <Filter Include="リソース ファイル">
      <UniqueIdentifier>{67DA6AB6-F800-4c08-8B7A-83BB121AAD01}</UniqueIdentifier>
      <Extensions>rc;ico;cur;bmp;dlg;rc2;rct;bin;rgs;gif;jpg;jpeg;jpe;resx;tiff;tif;png;wav;mfcribbon-ms</Extensions>
    </Filter>
    <Filter Include="Window">
      <UniqueIdentifier>{638a96bc-3ed1-4b34-9df1-6124c1fb1dcb}</UniqueIdentifier>
    </Filter>
    <Filter Include="Sprite">
      <UniqueIdentifier>{ec9226f4-7cf5-433f-b814-ac3927a807a8}</UniqueIdentifier>
    </Filter>
    <Filter Include="Texture">
      <UniqueIdentifier>{787c5967-2dbb-46ae-bee0-5c9d5d9ed305}</UniqueIdentifier>
    </Filter>
    <Filter Include="Graphics">
      <UniqueIdentifier>{33f0da67-191b-42c4-9bef-654bb2de37dd}</UniqueIdentifier>
    </Filter>
    <Filter Include="Input">
      <UniqueIdentifier>{be9685cb-0b8f-48e9-99e5-93ec930e9ec4}</UniqueIdentifier>
    </Filter>
    <Filter Include="App">
      <UniqueIdentifier>{af8f7cd9-fe6d-42e4-a58e-55a35cbd7e25}</UniqueIdentifier>
    </Filter>
    <Filter Include="Vertex">
      <UniqueIdentifier>{9425cc78-8fce-40f1-92a0-d05bd73bb091}</UniqueIdentifier>
    </Filter>
    <Filter Include="Rect">
      <UniqueIdentifier>{c90667b4-ed17-4226-a0fa-550635465242}</UniqueIdentifier>
    </Filter>
    <Filter Include="Color">
      <UniqueIdentifier>{71977071-f97e-4d55-82d9-86e1f46fdb26}</UniqueIdentifier>
    </Filter>
    <Filter Include="Common">
      <UniqueIdentifier>{dc12f0c6-92b9-4177-ba7a-bcc112503f75}</UniqueIdentifier>
    </Filter>
    <Filter Include="Collider">
      <UniqueIdentifier>{f9ca5a98-6cf5-41d0-a5df-8855062834d6}</UniqueIdentifier>
    </Filter>
    <Filter Include="Render">
      <UniqueIdentifier>{94249fff-e1a6-491d-838e-f828bee4b938}</UniqueIdentifier>
    </Filter>
    <Filter Include="StringRender">
      <UniqueIdentifier>{79ec5268-4a4c-4511-9cd0-c0c5a49e98f8}</UniqueIdentifier>
    </Filter>
    <Filter Include="Line">
      <UniqueIdentifier>{6dd3f49f-6e13-4c6c-ae91-4b1ea31bee9a}</UniqueIdentifier>
    </Filter>
    <Filter Include="Point">
      <UniqueIdentifier>{5c2e5275-fb2b-4916-b500-6a3f088d3e98}</UniqueIdentifier>
    </Filter>
    <Filter Include="Noise">
      <UniqueIdentifier>{39793f5c-16a9-482a-a8cd-adad1738b47e}</UniqueIdentifier>
    </Filter>
    <Filter Include="Object">
      <UniqueIdentifier>{70b4bf8f-8a3e-481f-9e6c-2967df3589ee}</UniqueIdentifier>
    </Filter>
    <Filter Include="GameCore">
      <UniqueIdentifier>{7ac91c06-91cb-4065-982d-9d11bed10d86}</UniqueIdentifier>
    </Filter>
    <Filter Include="Vector">
      <UniqueIdentifier>{8b99cb14-600f-4602-9b44-fda14a5cc284}</UniqueIdentifier>
    </Filter>
    <Filter Include="Size">
      <UniqueIdentifier>{c7b7e056-a506-4dfc-87f8-8ef053d0f31a}</UniqueIdentifier>
    </Filter>
    <Filter Include="Debug">
      <UniqueIdentifier>{665b7a5b-36e5-4083-af29-bd578f4f9aad}</UniqueIdentifier>
    </Filter>
    <Filter Include="Polygon">
      <UniqueIdentifier>{da1a269a-98df-46eb-8147-774cabf2a9b5}</UniqueIdentifier>
    </Filter>
    <Filter Include="Circle">
      <UniqueIdentifier>{c7e45028-4272-43a4-9860-0f18f005f02a}</UniqueIdentifier>
    </Filter>
    <Filter Include="Bounds">
      <UniqueIdentifier>{ec6f8540-5114-4aaa-b39b-9a38b1058fb3}</UniqueIdentifier>
    </Filter>
  </ItemGroup>
  <ItemGroup>
    <ClInclude Include="include\App.h">
      <Filter>App</Filter>
    </ClInclude>
    <ClInclude Include="include\Window\Window.h">
      <Filter>Window</Filter>
    </ClInclude>
    <ClInclude Include="include\Texture\Texture.h">
      <Filter>Texture</Filter>
    </ClInclude>
    <ClInclude Include="include\Collider\BoxCollider.h">
      <Filter>Collider</Filter>
    </ClInclude>
    <ClInclude Include="include\Color\Color.h">
      <Filter>Color</Filter>
    </ClInclude>
    <ClInclude Include="include\Input\Input.h">
      <Filter>Input</Filter>
    </ClInclude>
    <ClInclude Include="include\Input\KeyInput.h">
      <Filter>Input</Filter>
    </ClInclude>
    <ClInclude Include="include\Input\MouseInput.h">
      <Filter>Input</Filter>
    </ClInclude>
    <ClInclude Include="include\Rect\Rect.h">
      <Filter>Rect</Filter>
    </ClInclude>
    <ClInclude Include="include\Sprite\Sprite.h">
      <Filter>Sprite</Filter>
    </ClInclude>
    <ClInclude Include="include\StringRender\StringRender.h">
      <Filter>StringRender</Filter>
    </ClInclude>
    <ClInclude Include="include\Graphics\Graphics.h">
      <Filter>Graphics</Filter>
    </ClInclude>
    <ClInclude Include="include\Common\Math.h">
      <Filter>Common</Filter>
    </ClInclude>
    <ClInclude Include="include\Circle\Circle.h">
      <Filter>Circle</Filter>
    </ClInclude>
    <ClInclude Include="include\Line\Line.h">
      <Filter>Line</Filter>
    </ClInclude>
    <ClInclude Include="include\Point\Point.h">
      <Filter>Point</Filter>
    </ClInclude>
    <ClInclude Include="include\Vertex\Vertex3D.h">
      <Filter>Vertex</Filter>
    </ClInclude>
    <ClInclude Include="include\Vertex\Vertex2D.h">
      <Filter>Vertex</Filter>
    </ClInclude>
    <ClInclude Include="include\Common\SmartPtr.h">
      <Filter>Common</Filter>
    </ClInclude>
    <ClInclude Include="include\Object\Object.h">
      <Filter>Object</Filter>
    </ClInclude>
    <ClInclude Include="include\GameCore\GameCore.h">
      <Filter>GameCore</Filter>
    </ClInclude>
    <ClInclude Include="include\Vector\Vector2.h">
      <Filter>Vector</Filter>
    </ClInclude>
    <ClInclude Include="include\Vector\Vector3.h">
      <Filter>Vector</Filter>
    </ClInclude>
    <ClInclude Include="include\Size\Size.h">
      <Filter>Size</Filter>
    </ClInclude>
    <ClInclude Include="include\Collider\ICollider.h">
      <Filter>Collider</Filter>
    </ClInclude>
    <ClInclude Include="include\Common\Macro.h">
      <Filter>Common</Filter>
    </ClInclude>
    <ClInclude Include="include\Polygon\Polygon.h">
      <Filter>Polygon</Filter>
    </ClInclude>
    <ClInclude Include="include\Collider\CircleCollider.h">
      <Filter>Collider</Filter>
    </ClInclude>
    <ClInclude Include="include\Debug\Debug.h">
      <Filter>Debug</Filter>
    </ClInclude>
    <ClInclude Include="include\Render\Render.h">
      <Filter>Render</Filter>
    </ClInclude>
    <ClInclude Include="include\Collider\Collider2d.h">
      <Filter>Collider</Filter>
    </ClInclude>
    <ClInclude Include="gnLib.h">
      <Filter>ヘッダー ファイル</Filter>
    </ClInclude>
    <ClInclude Include="include\Noise\Noise.h">
      <Filter>Noise</Filter>
    </ClInclude>
    <ClInclude Include="include\Bounds\Bounds.h">
      <Filter>Bounds</Filter>
    </ClInclude>
  </ItemGroup>
  <ItemGroup>
    <ClCompile Include="src\App.cpp">
      <Filter>App</Filter>
    </ClCompile>
    <ClCompile Include="src\Window\Window.cpp">
      <Filter>Window</Filter>
    </ClCompile>
    <ClCompile Include="src\Texture\Texture.cpp">
      <Filter>Texture</Filter>
    </ClCompile>
    <ClCompile Include="src\StringRender\StringRender.cpp">
      <Filter>StringRender</Filter>
    </ClCompile>
    <ClCompile Include="src\Sprite\Sprite.cpp">
      <Filter>Sprite</Filter>
    </ClCompile>
    <ClCompile Include="src\Rect\Rect.cpp">
      <Filter>Rect</Filter>
    </ClCompile>
    <ClCompile Include="src\Input\KeyInput.cpp">
      <Filter>Input</Filter>
    </ClCompile>
    <ClCompile Include="src\Input\MouseInput.cpp">
      <Filter>Input</Filter>
    </ClCompile>
    <ClCompile Include="src\Graphics\Graphics.cpp">
      <Filter>Graphics</Filter>
    </ClCompile>
    <ClCompile Include="src\Color\Color.cpp">
      <Filter>Color</Filter>
    </ClCompile>
    <ClCompile Include="src\Collider\BoxCollider.cpp">
      <Filter>Collider</Filter>
    </ClCompile>
    <ClCompile Include="src\Input\Input.cpp">
      <Filter>Input</Filter>
    </ClCompile>
    <ClCompile Include="src\Circle\Circle.cpp">
      <Filter>Circle</Filter>
    </ClCompile>
    <ClCompile Include="src\GameCore\GameCore.cpp">
      <Filter>GameCore</Filter>
    </ClCompile>
    <ClCompile Include="include\Vector\Vector2.cpp">
      <Filter>Vector</Filter>
    </ClCompile>
    <ClCompile Include="include\Vector\Vector3.cpp">
      <Filter>Vector</Filter>
    </ClCompile>
    <ClCompile Include="src\Polygon\Polygon.cpp">
      <Filter>Polygon</Filter>
    </ClCompile>
    <ClCompile Include="src\Collider\CircleCollider.cpp">
      <Filter>Collider</Filter>
    </ClCompile>
    <ClCompile Include="src\Debug\Debug.cpp">
      <Filter>Debug</Filter>
    </ClCompile>
    <ClCompile Include="src\Render\Render.cpp">
      <Filter>Render</Filter>
    </ClCompile>
    <ClCompile Include="src\Line\Line.cpp">
      <Filter>Line</Filter>
    </ClCompile>
    <ClCompile Include="src\Point\Point.cpp">
      <Filter>Point</Filter>
    </ClCompile>
    <ClCompile Include="gnLib.cpp">
      <Filter>ソース ファイル</Filter>
    </ClCompile>
  </ItemGroup>
</Project>